
Microsoft Visual Studio Solution File, Format Version 12.00
# Visual Studio Version 16
VisualStudioVersion = 16.0.28729.10
MinimumVisualStudioVersion = 10.0.40219.1
Project("{FAE04EC0-301F-11D3-BF4B-00C04F79EFBC}") = "HotkeyAutomation", "HotkeyAutomation\HotkeyAutomation.csproj", "{0E132A64-B944-466F-81FE-C6E1CE565262}"
EndProject
Project("{FAE04EC0-301F-11D3-BF4B-00C04F79EFBC}") = "BPUtil", "..\BPUtil\BPUtil\BPUtil.csproj", "{A4981D8D-DEBF-4B34-B9CE-FF25520A02B7}"
EndProject
Project("{FAE04EC0-301F-11D3-BF4B-00C04F79EFBC}") = "Broadlink.Net.Framework", "..\broadlink-dotnet\Broadlink.Net.Framework\Broadlink.Net.Framework.csproj", "{084B86E2-77F9-42C0-BF04-4D25B1F99179}"
EndProject
Global
	GlobalSection(SolutionConfigurationPlatforms) = preSolution
		Debug|Any CPU = Debug|Any CPU
		Release|Any CPU = Release|Any CPU
	EndGlobalSection
	GlobalSection(ProjectConfigurationPlatforms) = postSolution
		{0E132A64-B944-466F-81FE-C6E1CE565262}.Debug|Any CPU.ActiveCfg = Debug|Any CPU
		{0E132A64-B944-466F-81FE-C6E1CE565262}.Debug|Any CPU.Build.0 = Debug|Any CPU
		{0E132A64-B944-466F-81FE-C6E1CE565262}.Release|Any CPU.ActiveCfg = Release|Any CPU
		{0E132A64-B944-466F-81FE-C6E1CE565262}.Release|Any CPU.Build.0 = Release|Any CPU
		{A4981D8D-DEBF-4B34-B9CE-FF25520A02B7}.Debug|Any CPU.ActiveCfg = Debug|Any CPU
		{A4981D8D-DEBF-4B34-B9CE-FF25520A02B7}.Debug|Any CPU.Build.0 = Debug|Any CPU
		{A4981D8D-DEBF-4B34-B9CE-FF25520A02B7}.Release|Any CPU.ActiveCfg = Release|Any CPU
		{A4981D8D-DEBF-4B34-B9CE-FF25520A02B7}.Release|Any CPU.Build.0 = Release|Any CPU
		{084B86E2-77F9-42C0-BF04-4D25B1F99179}.Debug|Any CPU.ActiveCfg = Debug|Any CPU
		{084B86E2-77F9-42C0-BF04-4D25B1F99179}.Debug|Any CPU.Build.0 = Debug|Any CPU
		{084B86E2-77F9-42C0-BF04-4D25B1F99179}.Release|Any CPU.ActiveCfg = Release|Any CPU
		{084B86E2-77F9-42C0-BF04-4D25B1F99179}.Release|Any CPU.Build.0 = Release|Any CPU
	EndGlobalSection
	GlobalSection(SolutionProperties) = preSolution
		HideSolutionNode = FALSE
	EndGlobalSection
	GlobalSection(ExtensibilityGlobals) = postSolution
		SolutionGuid = {B85CCED7-31B0-4E36-84F8-5C1DC9E9EACE}
	EndGlobalSection
EndGlobal
